
Microsoft Visual Studio Solution File, Format Version 12.00
# Visual Studio Version 16
VisualStudioVersion = 16.0.30002.166
MinimumVisualStudioVersion = 10.0.40219.1
Project("{FAE04EC0-301F-11D3-BF4B-00C04F79EFBC}") = "Aula17", "Aula17\Aula17.csproj", "{94E0EC70-98EF-48FE-A7E2-236B3DDC02E7}"
EndProject
Global
	GlobalSection(SolutionConfigurationPlatforms) = preSolution
		Debug|Any CPU = Debug|Any CPU
		Release|Any CPU = Release|Any CPU
	EndGlobalSection
	GlobalSection(ProjectConfigurationPlatforms) = postSolution
		{94E0EC70-98EF-48FE-A7E2-236B3DDC02E7}.Debug|Any CPU.ActiveCfg = Debug|Any CPU
		{94E0EC70-98EF-48FE-A7E2-236B3DDC02E7}.Debug|Any CPU.Build.0 = Debug|Any CPU
		{94E0EC70-98EF-48FE-A7E2-236B3DDC02E7}.Release|Any CPU.ActiveCfg = Release|Any CPU
		{94E0EC70-98EF-48FE-A7E2-236B3DDC02E7}.Release|Any CPU.Build.0 = Release|Any CPU
	EndGlobalSection
	GlobalSection(SolutionProperties) = preSolution
		HideSolutionNode = FALSE
	EndGlobalSection
	GlobalSection(ExtensibilityGlobals) = postSolution
		SolutionGuid = {4AE5F6B2-F13F-489A-B24E-07D176E07D76}
	EndGlobalSection
EndGlobal
