
Microsoft Visual Studio Solution File, Format Version 12.00
# Visual Studio Version 16
VisualStudioVersion = 16.0.30002.166
MinimumVisualStudioVersion = 10.0.40219.1
Project("{FAE04EC0-301F-11D3-BF4B-00C04F79EFBC}") = "Aula22", "Aula22\Aula22.csproj", "{A357518D-59D4-4EFB-86A9-D1F6CBE1CFD7}"
EndProject
Global
	GlobalSection(SolutionConfigurationPlatforms) = preSolution
		Debug|Any CPU = Debug|Any CPU
		Release|Any CPU = Release|Any CPU
	EndGlobalSection
	GlobalSection(ProjectConfigurationPlatforms) = postSolution
		{A357518D-59D4-4EFB-86A9-D1F6CBE1CFD7}.Debug|Any CPU.ActiveCfg = Debug|Any CPU
		{A357518D-59D4-4EFB-86A9-D1F6CBE1CFD7}.Debug|Any CPU.Build.0 = Debug|Any CPU
		{A357518D-59D4-4EFB-86A9-D1F6CBE1CFD7}.Release|Any CPU.ActiveCfg = Release|Any CPU
		{A357518D-59D4-4EFB-86A9-D1F6CBE1CFD7}.Release|Any CPU.Build.0 = Release|Any CPU
	EndGlobalSection
	GlobalSection(SolutionProperties) = preSolution
		HideSolutionNode = FALSE
	EndGlobalSection
	GlobalSection(ExtensibilityGlobals) = postSolution
		SolutionGuid = {815D8102-2190-4105-AAC6-419F0AC16D27}
	EndGlobalSection
EndGlobal
