
Microsoft Visual Studio Solution File, Format Version 12.00
# Visual Studio Version 16
VisualStudioVersion = 16.0.30002.166
MinimumVisualStudioVersion = 10.0.40219.1
Project("{FAE04EC0-301F-11D3-BF4B-00C04F79EFBC}") = "Aula39", "Aula39\Aula39.csproj", "{EBEFD71E-2D09-49F8-8B67-D8B8A3970221}"
EndProject
Global
	GlobalSection(SolutionConfigurationPlatforms) = preSolution
		Debug|Any CPU = Debug|Any CPU
		Release|Any CPU = Release|Any CPU
	EndGlobalSection
	GlobalSection(ProjectConfigurationPlatforms) = postSolution
		{EBEFD71E-2D09-49F8-8B67-D8B8A3970221}.Debug|Any CPU.ActiveCfg = Debug|Any CPU
		{EBEFD71E-2D09-49F8-8B67-D8B8A3970221}.Debug|Any CPU.Build.0 = Debug|Any CPU
		{EBEFD71E-2D09-49F8-8B67-D8B8A3970221}.Release|Any CPU.ActiveCfg = Release|Any CPU
		{EBEFD71E-2D09-49F8-8B67-D8B8A3970221}.Release|Any CPU.Build.0 = Release|Any CPU
	EndGlobalSection
	GlobalSection(SolutionProperties) = preSolution
		HideSolutionNode = FALSE
	EndGlobalSection
	GlobalSection(ExtensibilityGlobals) = postSolution
		SolutionGuid = {D2D7117F-44A8-4DCB-B3FE-3B982CD6760B}
	EndGlobalSection
EndGlobal
