
Microsoft Visual Studio Solution File, Format Version 12.00
# Visual Studio Version 16
VisualStudioVersion = 16.0.30002.166
MinimumVisualStudioVersion = 10.0.40219.1
Project("{FAE04EC0-301F-11D3-BF4B-00C04F79EFBC}") = "Aula02", "Aula02\Aula02.csproj", "{3E31914A-0283-486E-BBE5-8E2CD269E79C}"
EndProject
Global
	GlobalSection(SolutionConfigurationPlatforms) = preSolution
		Debug|Any CPU = Debug|Any CPU
		Release|Any CPU = Release|Any CPU
	EndGlobalSection
	GlobalSection(ProjectConfigurationPlatforms) = postSolution
		{3E31914A-0283-486E-BBE5-8E2CD269E79C}.Debug|Any CPU.ActiveCfg = Debug|Any CPU
		{3E31914A-0283-486E-BBE5-8E2CD269E79C}.Debug|Any CPU.Build.0 = Debug|Any CPU
		{3E31914A-0283-486E-BBE5-8E2CD269E79C}.Release|Any CPU.ActiveCfg = Release|Any CPU
		{3E31914A-0283-486E-BBE5-8E2CD269E79C}.Release|Any CPU.Build.0 = Release|Any CPU
	EndGlobalSection
	GlobalSection(SolutionProperties) = preSolution
		HideSolutionNode = FALSE
	EndGlobalSection
	GlobalSection(ExtensibilityGlobals) = postSolution
		SolutionGuid = {306892D9-5940-4526-8006-0A0E921D368E}
	EndGlobalSection
EndGlobal
