
Microsoft Visual Studio Solution File, Format Version 12.00
# Visual Studio Version 16
VisualStudioVersion = 16.0.30002.166
MinimumVisualStudioVersion = 10.0.40219.1
Project("{FAE04EC0-301F-11D3-BF4B-00C04F79EFBC}") = "Aula32", "Aula32\Aula32.csproj", "{360534E4-3F38-4F63-AF5C-9E442EB765D8}"
EndProject
Global
	GlobalSection(SolutionConfigurationPlatforms) = preSolution
		Debug|Any CPU = Debug|Any CPU
		Release|Any CPU = Release|Any CPU
	EndGlobalSection
	GlobalSection(ProjectConfigurationPlatforms) = postSolution
		{360534E4-3F38-4F63-AF5C-9E442EB765D8}.Debug|Any CPU.ActiveCfg = Debug|Any CPU
		{360534E4-3F38-4F63-AF5C-9E442EB765D8}.Debug|Any CPU.Build.0 = Debug|Any CPU
		{360534E4-3F38-4F63-AF5C-9E442EB765D8}.Release|Any CPU.ActiveCfg = Release|Any CPU
		{360534E4-3F38-4F63-AF5C-9E442EB765D8}.Release|Any CPU.Build.0 = Release|Any CPU
	EndGlobalSection
	GlobalSection(SolutionProperties) = preSolution
		HideSolutionNode = FALSE
	EndGlobalSection
	GlobalSection(ExtensibilityGlobals) = postSolution
		SolutionGuid = {55E87B08-6473-4EA3-8822-95754EB73CE5}
	EndGlobalSection
EndGlobal
