
Microsoft Visual Studio Solution File, Format Version 12.00
# Visual Studio Version 16
VisualStudioVersion = 16.0.30002.166
MinimumVisualStudioVersion = 10.0.40219.1
Project("{FAE04EC0-301F-11D3-BF4B-00C04F79EFBC}") = "Aula34", "Aula34\Aula34.csproj", "{461AD638-8F67-40B5-8585-69780BB3FA16}"
EndProject
Global
	GlobalSection(SolutionConfigurationPlatforms) = preSolution
		Debug|Any CPU = Debug|Any CPU
		Release|Any CPU = Release|Any CPU
	EndGlobalSection
	GlobalSection(ProjectConfigurationPlatforms) = postSolution
		{461AD638-8F67-40B5-8585-69780BB3FA16}.Debug|Any CPU.ActiveCfg = Debug|Any CPU
		{461AD638-8F67-40B5-8585-69780BB3FA16}.Debug|Any CPU.Build.0 = Debug|Any CPU
		{461AD638-8F67-40B5-8585-69780BB3FA16}.Release|Any CPU.ActiveCfg = Release|Any CPU
		{461AD638-8F67-40B5-8585-69780BB3FA16}.Release|Any CPU.Build.0 = Release|Any CPU
	EndGlobalSection
	GlobalSection(SolutionProperties) = preSolution
		HideSolutionNode = FALSE
	EndGlobalSection
	GlobalSection(ExtensibilityGlobals) = postSolution
		SolutionGuid = {8C7B7DF9-31B4-4389-AF59-15F5B3611268}
	EndGlobalSection
EndGlobal
