
Microsoft Visual Studio Solution File, Format Version 12.00
# Visual Studio Version 16
VisualStudioVersion = 16.0.30002.166
MinimumVisualStudioVersion = 10.0.40219.1
Project("{FAE04EC0-301F-11D3-BF4B-00C04F79EFBC}") = "Aula25", "Aula25\Aula25.csproj", "{B30BDC0C-CE16-4EE4-A6BA-B1F3D8C8087D}"
EndProject
Global
	GlobalSection(SolutionConfigurationPlatforms) = preSolution
		Debug|Any CPU = Debug|Any CPU
		Release|Any CPU = Release|Any CPU
	EndGlobalSection
	GlobalSection(ProjectConfigurationPlatforms) = postSolution
		{B30BDC0C-CE16-4EE4-A6BA-B1F3D8C8087D}.Debug|Any CPU.ActiveCfg = Debug|Any CPU
		{B30BDC0C-CE16-4EE4-A6BA-B1F3D8C8087D}.Debug|Any CPU.Build.0 = Debug|Any CPU
		{B30BDC0C-CE16-4EE4-A6BA-B1F3D8C8087D}.Release|Any CPU.ActiveCfg = Release|Any CPU
		{B30BDC0C-CE16-4EE4-A6BA-B1F3D8C8087D}.Release|Any CPU.Build.0 = Release|Any CPU
	EndGlobalSection
	GlobalSection(SolutionProperties) = preSolution
		HideSolutionNode = FALSE
	EndGlobalSection
	GlobalSection(ExtensibilityGlobals) = postSolution
		SolutionGuid = {40D939DB-D333-4C3C-B032-DB9C79207453}
	EndGlobalSection
EndGlobal
